
Microsoft Visual Studio Solution File, Format Version 12.00
# Visual Studio Version 16
VisualStudioVersion = 16.0.810.14
MinimumVisualStudioVersion = 10.0.40219.1
Project("{FAE04EC0-301F-11D3-BF4B-00C04F79EFBC}") = "PetClinic.Android", "PetClinic.Android\PetClinic.Android.csproj", "{6419C76F-02B9-4B0B-8CF2-2BAE9F85E965}"
EndProject
Project("{FAE04EC0-301F-11D3-BF4B-00C04F79EFBC}") = "PetClinic.iOS", "PetClinic.iOS\PetClinic.iOS.csproj", "{7A8B1CA6-E420-4533-A645-6FDD69EC2182}"
EndProject
Project("{FAE04EC0-301F-11D3-BF4B-00C04F79EFBC}") = "PetClinic", "PetClinic\PetClinic.csproj", "{DAA9AEA7-78D9-4FFF-AE89-3E5E0162DB4E}"
EndProject
Global
	GlobalSection(SolutionConfigurationPlatforms) = preSolution
		Debug|Any CPU = Debug|Any CPU
		Release|Any CPU = Release|Any CPU
		Debug|iPhoneSimulator = Debug|iPhoneSimulator
		Release|iPhoneSimulator = Release|iPhoneSimulator
		Debug|iPhone = Debug|iPhone
		Release|iPhone = Release|iPhone
	EndGlobalSection
	GlobalSection(ProjectConfigurationPlatforms) = postSolution
		{6419C76F-02B9-4B0B-8CF2-2BAE9F85E965}.Debug|Any CPU.ActiveCfg = Debug|Any CPU
		{6419C76F-02B9-4B0B-8CF2-2BAE9F85E965}.Debug|Any CPU.Build.0 = Debug|Any CPU
		{6419C76F-02B9-4B0B-8CF2-2BAE9F85E965}.Release|Any CPU.ActiveCfg = Release|Any CPU
		{6419C76F-02B9-4B0B-8CF2-2BAE9F85E965}.Release|Any CPU.Build.0 = Release|Any CPU
		{6419C76F-02B9-4B0B-8CF2-2BAE9F85E965}.Debug|iPhoneSimulator.ActiveCfg = Debug|Any CPU
		{6419C76F-02B9-4B0B-8CF2-2BAE9F85E965}.Debug|iPhoneSimulator.Build.0 = Debug|Any CPU
		{6419C76F-02B9-4B0B-8CF2-2BAE9F85E965}.Release|iPhoneSimulator.ActiveCfg = Release|Any CPU
		{6419C76F-02B9-4B0B-8CF2-2BAE9F85E965}.Release|iPhoneSimulator.Build.0 = Release|Any CPU
		{6419C76F-02B9-4B0B-8CF2-2BAE9F85E965}.Debug|iPhone.ActiveCfg = Debug|Any CPU
		{6419C76F-02B9-4B0B-8CF2-2BAE9F85E965}.Debug|iPhone.Build.0 = Debug|Any CPU
		{6419C76F-02B9-4B0B-8CF2-2BAE9F85E965}.Release|iPhone.ActiveCfg = Release|Any CPU
		{6419C76F-02B9-4B0B-8CF2-2BAE9F85E965}.Release|iPhone.Build.0 = Release|Any CPU
		{7A8B1CA6-E420-4533-A645-6FDD69EC2182}.Debug|Any CPU.ActiveCfg = Debug|iPhoneSimulator
		{7A8B1CA6-E420-4533-A645-6FDD69EC2182}.Debug|Any CPU.Build.0 = Debug|iPhoneSimulator
		{7A8B1CA6-E420-4533-A645-6FDD69EC2182}.Release|Any CPU.ActiveCfg = Release|iPhoneSimulator
		{7A8B1CA6-E420-4533-A645-6FDD69EC2182}.Release|Any CPU.Build.0 = Release|iPhoneSimulator
		{7A8B1CA6-E420-4533-A645-6FDD69EC2182}.Debug|iPhoneSimulator.ActiveCfg = Debug|iPhoneSimulator
		{7A8B1CA6-E420-4533-A645-6FDD69EC2182}.Debug|iPhoneSimulator.Build.0 = Debug|iPhoneSimulator
		{7A8B1CA6-E420-4533-A645-6FDD69EC2182}.Release|iPhoneSimulator.ActiveCfg = Release|iPhoneSimulator
		{7A8B1CA6-E420-4533-A645-6FDD69EC2182}.Release|iPhoneSimulator.Build.0 = Release|iPhoneSimulator
		{7A8B1CA6-E420-4533-A645-6FDD69EC2182}.Debug|iPhone.ActiveCfg = Debug|iPhone
		{7A8B1CA6-E420-4533-A645-6FDD69EC2182}.Debug|iPhone.Build.0 = Debug|iPhone
		{7A8B1CA6-E420-4533-A645-6FDD69EC2182}.Release|iPhone.ActiveCfg = Release|iPhone
		{7A8B1CA6-E420-4533-A645-6FDD69EC2182}.Release|iPhone.Build.0 = Release|iPhone
		{DAA9AEA7-78D9-4FFF-AE89-3E5E0162DB4E}.Debug|Any CPU.ActiveCfg = Debug|Any CPU
		{DAA9AEA7-78D9-4FFF-AE89-3E5E0162DB4E}.Debug|Any CPU.Build.0 = Debug|Any CPU
		{DAA9AEA7-78D9-4FFF-AE89-3E5E0162DB4E}.Release|Any CPU.ActiveCfg = Release|Any CPU
		{DAA9AEA7-78D9-4FFF-AE89-3E5E0162DB4E}.Release|Any CPU.Build.0 = Release|Any CPU
		{DAA9AEA7-78D9-4FFF-AE89-3E5E0162DB4E}.Debug|iPhoneSimulator.ActiveCfg = Debug|Any CPU
		{DAA9AEA7-78D9-4FFF-AE89-3E5E0162DB4E}.Debug|iPhoneSimulator.Build.0 = Debug|Any CPU
		{DAA9AEA7-78D9-4FFF-AE89-3E5E0162DB4E}.Release|iPhoneSimulator.ActiveCfg = Release|Any CPU
		{DAA9AEA7-78D9-4FFF-AE89-3E5E0162DB4E}.Release|iPhoneSimulator.Build.0 = Release|Any CPU
		{DAA9AEA7-78D9-4FFF-AE89-3E5E0162DB4E}.Debug|iPhone.ActiveCfg = Debug|Any CPU
		{DAA9AEA7-78D9-4FFF-AE89-3E5E0162DB4E}.Debug|iPhone.Build.0 = Debug|Any CPU
		{DAA9AEA7-78D9-4FFF-AE89-3E5E0162DB4E}.Release|iPhone.ActiveCfg = Release|Any CPU
		{DAA9AEA7-78D9-4FFF-AE89-3E5E0162DB4E}.Release|iPhone.Build.0 = Release|Any CPU
	EndGlobalSection
	GlobalSection(SolutionProperties) = preSolution
		HideSolutionNode = FALSE
	EndGlobalSection
	GlobalSection(ExtensibilityGlobals) = postSolution
		SolutionGuid = {3773B000-E64A-4A22-8764-7E3C3B6C757C}
	EndGlobalSection
EndGlobal
